
Microsoft Visual Studio Solution File, Format Version 12.00
# Visual Studio Version 18
VisualStudioVersion = 18.0.11222.15
MinimumVisualStudioVersion = 10.0.40219.1
Project("{FAE04EC0-301F-11D3-BF4B-00C04F79EFBC}") = "BadEcho.QuickActions", "src\QuickActions\BadEcho.QuickActions.csproj", "{7CCBC7DF-6C2F-4491-AB01-37D074B548FD}"
EndProject
Project("{2150E333-8FDC-42A3-9474-1A3956D46DE8}") = "src", "src", "{02EA681E-C7D8-13C7-8484-4AC65E1B71E8}"
EndProject
Project("{2150E333-8FDC-42A3-9474-1A3956D46DE8}") = "shared", "shared", "{ADA13899-A37B-4C53-BD66-C572157C7949}"
EndProject
Project("{FAE04EC0-301F-11D3-BF4B-00C04F79EFBC}") = "BadEcho.Common", "src\Core\src\Common\BadEcho.Common.csproj", "{5431F24E-8528-5C84-C1EB-22DD2233749F}"
EndProject
Project("{FAE04EC0-301F-11D3-BF4B-00C04F79EFBC}") = "BadEcho.Presentation", "src\Presentation\src\Presentation\BadEcho.Presentation.csproj", "{CCFA5B16-2438-87D5-900F-F68939466F87}"
EndProject
Project("{FAE04EC0-301F-11D3-BF4B-00C04F79EFBC}") = "BadEcho.Extensibility", "src\Extensibility\src\Extensibility\BadEcho.Extensibility.csproj", "{72E19ACD-4370-3E09-BC7B-B4531363FDE0}"
EndProject
Project("{FAE04EC0-301F-11D3-BF4B-00C04F79EFBC}") = "BadEcho.Extensibility.Extensions", "src\Extensibility\src\Extensibility.Extensions\BadEcho.Extensibility.Extensions.csproj", "{D3D62668-EDDC-2E1B-5BAE-759D0A08768E}"
EndProject
Project("{FAE04EC0-301F-11D3-BF4B-00C04F79EFBC}") = "BadEcho.Extensions", "src\Core\src\Extensions\BadEcho.Extensions.csproj", "{49E16836-BC8F-4128-79F0-C31D314833B1}"
EndProject
Project("{FAE04EC0-301F-11D3-BF4B-00C04F79EFBC}") = "BadEcho.Presentation.Extensions", "src\Presentation\src\Presentation.Extensions\BadEcho.Presentation.Extensions.csproj", "{1EEA32E7-D632-E0D9-BB2A-B5A97D5BFEC7}"
EndProject
Project("{FAE04EC0-301F-11D3-BF4B-00C04F79EFBC}") = "BadEcho.QuickActions.Extensibility", "src\QuickActions.Extensibility\BadEcho.QuickActions.Extensibility.csproj", "{94DC5C46-CB58-421A-B774-CA6338629179}"
EndProject
Project("{FAE04EC0-301F-11D3-BF4B-00C04F79EFBC}") = "BadEcho.QuickActions.DisplaySettings", "src\QuickActions.DisplaySettings\BadEcho.QuickActions.DisplaySettings.csproj", "{AD4305BE-2A0A-4E54-9298-6DC79DFBA1DB}"
EndProject
Global
	GlobalSection(SolutionConfigurationPlatforms) = preSolution
		Debug|Any CPU = Debug|Any CPU
		Release|Any CPU = Release|Any CPU
	EndGlobalSection
	GlobalSection(ProjectConfigurationPlatforms) = postSolution
		{7CCBC7DF-6C2F-4491-AB01-37D074B548FD}.Debug|Any CPU.ActiveCfg = Debug|Any CPU
		{7CCBC7DF-6C2F-4491-AB01-37D074B548FD}.Debug|Any CPU.Build.0 = Debug|Any CPU
		{7CCBC7DF-6C2F-4491-AB01-37D074B548FD}.Release|Any CPU.ActiveCfg = Release|Any CPU
		{7CCBC7DF-6C2F-4491-AB01-37D074B548FD}.Release|Any CPU.Build.0 = Release|Any CPU
		{5431F24E-8528-5C84-C1EB-22DD2233749F}.Debug|Any CPU.ActiveCfg = Debug|Any CPU
		{5431F24E-8528-5C84-C1EB-22DD2233749F}.Debug|Any CPU.Build.0 = Debug|Any CPU
		{5431F24E-8528-5C84-C1EB-22DD2233749F}.Release|Any CPU.ActiveCfg = Release|Any CPU
		{5431F24E-8528-5C84-C1EB-22DD2233749F}.Release|Any CPU.Build.0 = Release|Any CPU
		{CCFA5B16-2438-87D5-900F-F68939466F87}.Debug|Any CPU.ActiveCfg = Debug|Any CPU
		{CCFA5B16-2438-87D5-900F-F68939466F87}.Debug|Any CPU.Build.0 = Debug|Any CPU
		{CCFA5B16-2438-87D5-900F-F68939466F87}.Release|Any CPU.ActiveCfg = Release|Any CPU
		{CCFA5B16-2438-87D5-900F-F68939466F87}.Release|Any CPU.Build.0 = Release|Any CPU
		{72E19ACD-4370-3E09-BC7B-B4531363FDE0}.Debug|Any CPU.ActiveCfg = Debug|Any CPU
		{72E19ACD-4370-3E09-BC7B-B4531363FDE0}.Debug|Any CPU.Build.0 = Debug|Any CPU
		{72E19ACD-4370-3E09-BC7B-B4531363FDE0}.Release|Any CPU.ActiveCfg = Release|Any CPU
		{72E19ACD-4370-3E09-BC7B-B4531363FDE0}.Release|Any CPU.Build.0 = Release|Any CPU
		{D3D62668-EDDC-2E1B-5BAE-759D0A08768E}.Debug|Any CPU.ActiveCfg = Debug|Any CPU
		{D3D62668-EDDC-2E1B-5BAE-759D0A08768E}.Debug|Any CPU.Build.0 = Debug|Any CPU
		{D3D62668-EDDC-2E1B-5BAE-759D0A08768E}.Release|Any CPU.ActiveCfg = Release|Any CPU
		{D3D62668-EDDC-2E1B-5BAE-759D0A08768E}.Release|Any CPU.Build.0 = Release|Any CPU
		{49E16836-BC8F-4128-79F0-C31D314833B1}.Debug|Any CPU.ActiveCfg = Debug|Any CPU
		{49E16836-BC8F-4128-79F0-C31D314833B1}.Debug|Any CPU.Build.0 = Debug|Any CPU
		{49E16836-BC8F-4128-79F0-C31D314833B1}.Release|Any CPU.ActiveCfg = Release|Any CPU
		{49E16836-BC8F-4128-79F0-C31D314833B1}.Release|Any CPU.Build.0 = Release|Any CPU
		{1EEA32E7-D632-E0D9-BB2A-B5A97D5BFEC7}.Debug|Any CPU.ActiveCfg = Debug|Any CPU
		{1EEA32E7-D632-E0D9-BB2A-B5A97D5BFEC7}.Debug|Any CPU.Build.0 = Debug|Any CPU
		{1EEA32E7-D632-E0D9-BB2A-B5A97D5BFEC7}.Release|Any CPU.ActiveCfg = Release|Any CPU
		{1EEA32E7-D632-E0D9-BB2A-B5A97D5BFEC7}.Release|Any CPU.Build.0 = Release|Any CPU
		{94DC5C46-CB58-421A-B774-CA6338629179}.Debug|Any CPU.ActiveCfg = Debug|Any CPU
		{94DC5C46-CB58-421A-B774-CA6338629179}.Debug|Any CPU.Build.0 = Debug|Any CPU
		{94DC5C46-CB58-421A-B774-CA6338629179}.Release|Any CPU.ActiveCfg = Release|Any CPU
		{94DC5C46-CB58-421A-B774-CA6338629179}.Release|Any CPU.Build.0 = Release|Any CPU
		{AD4305BE-2A0A-4E54-9298-6DC79DFBA1DB}.Debug|Any CPU.ActiveCfg = Debug|Any CPU
		{AD4305BE-2A0A-4E54-9298-6DC79DFBA1DB}.Debug|Any CPU.Build.0 = Debug|Any CPU
		{AD4305BE-2A0A-4E54-9298-6DC79DFBA1DB}.Release|Any CPU.ActiveCfg = Release|Any CPU
		{AD4305BE-2A0A-4E54-9298-6DC79DFBA1DB}.Release|Any CPU.Build.0 = Release|Any CPU
	EndGlobalSection
	GlobalSection(SolutionProperties) = preSolution
		HideSolutionNode = FALSE
	EndGlobalSection
	GlobalSection(NestedProjects) = preSolution
		{7CCBC7DF-6C2F-4491-AB01-37D074B548FD} = {02EA681E-C7D8-13C7-8484-4AC65E1B71E8}
		{5431F24E-8528-5C84-C1EB-22DD2233749F} = {ADA13899-A37B-4C53-BD66-C572157C7949}
		{CCFA5B16-2438-87D5-900F-F68939466F87} = {ADA13899-A37B-4C53-BD66-C572157C7949}
		{72E19ACD-4370-3E09-BC7B-B4531363FDE0} = {ADA13899-A37B-4C53-BD66-C572157C7949}
		{D3D62668-EDDC-2E1B-5BAE-759D0A08768E} = {ADA13899-A37B-4C53-BD66-C572157C7949}
		{49E16836-BC8F-4128-79F0-C31D314833B1} = {ADA13899-A37B-4C53-BD66-C572157C7949}
		{1EEA32E7-D632-E0D9-BB2A-B5A97D5BFEC7} = {ADA13899-A37B-4C53-BD66-C572157C7949}
		{94DC5C46-CB58-421A-B774-CA6338629179} = {02EA681E-C7D8-13C7-8484-4AC65E1B71E8}
		{AD4305BE-2A0A-4E54-9298-6DC79DFBA1DB} = {02EA681E-C7D8-13C7-8484-4AC65E1B71E8}
	EndGlobalSection
	GlobalSection(ExtensibilityGlobals) = postSolution
		SolutionGuid = {26F8939C-13DC-4FE4-BC3E-40BF27F184EC}
	EndGlobalSection
EndGlobal
